
Microsoft Visual Studio Solution File, Format Version 12.00
# Visual Studio Version 16
VisualStudioVersion = 16.0.32802.440
MinimumVisualStudioVersion = 10.0.40219.1
Project("{2150E333-8FDC-42A3-9474-1A3956D46DE8}") = "WebPOS.Common", "WebPOS.Common", "{39CA76CC-8A3D-4110-8BE8-2A43DB55053D}"
EndProject
Project("{2150E333-8FDC-42A3-9474-1A3956D46DE8}") = "WebPOS.Sales", "WebPOS.Sales", "{8A24A4C2-F540-4D1D-A8F5-FDDA38B08A06}"
EndProject
Project("{2150E333-8FDC-42A3-9474-1A3956D46DE8}") = "WebPOS.Inventory", "WebPOS.Inventory", "{4C086F41-FD7D-47D7-B5C3-7B6DB8F2F0B1}"
EndProject
Project("{FAE04EC0-301F-11D3-BF4B-00C04F79EFBC}") = "WebPOS.Common.Core", "WebPOS.Common.Core\WebPOS.Common.Core.csproj", "{EADF0304-A5F7-4B2A-A645-194F44C975AF}"
EndProject
Project("{FAE04EC0-301F-11D3-BF4B-00C04F79EFBC}") = "WebPOS.Common.Infrastructure", "WebPOS.Common.Infrastructure\WebPOS.Common.Infrastructure.csproj", "{61869B70-935F-47A3-9972-E4908E55F0E0}"
EndProject
Project("{FAE04EC0-301F-11D3-BF4B-00C04F79EFBC}") = "WebPOS.Common.Web", "WebPOS.Common.Web\WebPOS.Common.Web.csproj", "{ED1C7F27-A57C-4F95-B4BC-62386FE00B48}"
EndProject
Project("{FAE04EC0-301F-11D3-BF4B-00C04F79EFBC}") = "WebPOS.Inventory.Core", "WebPOS.Inventory.Core\WebPOS.Inventory.Core.csproj", "{4C342333-CBE6-4ACC-9E1D-35041893EA49}"
EndProject
Project("{FAE04EC0-301F-11D3-BF4B-00C04F79EFBC}") = "WebPOS.Inventory.Infrastructure", "WebPOS.Inventory.Infrastructure\WebPOS.Inventory.Infrastructure.csproj", "{B2F177A1-BCCD-4234-9886-1F0DBBB90CBB}"
EndProject
Project("{FAE04EC0-301F-11D3-BF4B-00C04F79EFBC}") = "WebPOS.Inventory.Web", "WebPOS.Inventory.Web\WebPOS.Inventory.Web.csproj", "{26D03837-8EE7-499A-8883-7F34B327598A}"
EndProject
Project("{FAE04EC0-301F-11D3-BF4B-00C04F79EFBC}") = "WebPOS.Sales.Web", "WebPOS.Sales.Web\WebPOS.Sales.Web.csproj", "{DAC6D0BC-0F29-4869-BE39-401F4F02631B}"
EndProject
Project("{FAE04EC0-301F-11D3-BF4B-00C04F79EFBC}") = "WebPOS.Sales.Infrastructure", "WebPOS.Sales.Infrastructure\WebPOS.Sales.Infrastructure.csproj", "{674FFC4D-36C7-4442-B304-602343D9E144}"
EndProject
Project("{FAE04EC0-301F-11D3-BF4B-00C04F79EFBC}") = "WebPOS.Sales.Core", "WebPOS.Sales.Core\WebPOS.Sales.Core.csproj", "{57CCF076-7F90-4FCB-AB83-23C7B8BE5BD3}"
EndProject
Project("{2150E333-8FDC-42A3-9474-1A3956D46DE8}") = "WebPOS.Shared", "WebPOS.Shared", "{7578A75D-E98A-4219-8D80-8742616667BF}"
EndProject
Project("{FAE04EC0-301F-11D3-BF4B-00C04F79EFBC}") = "WebPOS.SharedKernel", "WebPOS.SharedKernel\WebPOS.SharedKernel.csproj", "{A93214F6-D101-4E46-A82A-FB0D613E21B9}"
EndProject
Global
	GlobalSection(SolutionConfigurationPlatforms) = preSolution
		Debug|Any CPU = Debug|Any CPU
		Release|Any CPU = Release|Any CPU
	EndGlobalSection
	GlobalSection(ProjectConfigurationPlatforms) = postSolution
		{EADF0304-A5F7-4B2A-A645-194F44C975AF}.Debug|Any CPU.ActiveCfg = Debug|Any CPU
		{EADF0304-A5F7-4B2A-A645-194F44C975AF}.Debug|Any CPU.Build.0 = Debug|Any CPU
		{EADF0304-A5F7-4B2A-A645-194F44C975AF}.Release|Any CPU.ActiveCfg = Release|Any CPU
		{EADF0304-A5F7-4B2A-A645-194F44C975AF}.Release|Any CPU.Build.0 = Release|Any CPU
		{61869B70-935F-47A3-9972-E4908E55F0E0}.Debug|Any CPU.ActiveCfg = Debug|Any CPU
		{61869B70-935F-47A3-9972-E4908E55F0E0}.Debug|Any CPU.Build.0 = Debug|Any CPU
		{61869B70-935F-47A3-9972-E4908E55F0E0}.Release|Any CPU.ActiveCfg = Release|Any CPU
		{61869B70-935F-47A3-9972-E4908E55F0E0}.Release|Any CPU.Build.0 = Release|Any CPU
		{ED1C7F27-A57C-4F95-B4BC-62386FE00B48}.Debug|Any CPU.ActiveCfg = Debug|Any CPU
		{ED1C7F27-A57C-4F95-B4BC-62386FE00B48}.Debug|Any CPU.Build.0 = Debug|Any CPU
		{ED1C7F27-A57C-4F95-B4BC-62386FE00B48}.Release|Any CPU.ActiveCfg = Release|Any CPU
		{ED1C7F27-A57C-4F95-B4BC-62386FE00B48}.Release|Any CPU.Build.0 = Release|Any CPU
		{4C342333-CBE6-4ACC-9E1D-35041893EA49}.Debug|Any CPU.ActiveCfg = Debug|Any CPU
		{4C342333-CBE6-4ACC-9E1D-35041893EA49}.Debug|Any CPU.Build.0 = Debug|Any CPU
		{4C342333-CBE6-4ACC-9E1D-35041893EA49}.Release|Any CPU.ActiveCfg = Release|Any CPU
		{4C342333-CBE6-4ACC-9E1D-35041893EA49}.Release|Any CPU.Build.0 = Release|Any CPU
		{B2F177A1-BCCD-4234-9886-1F0DBBB90CBB}.Debug|Any CPU.ActiveCfg = Debug|Any CPU
		{B2F177A1-BCCD-4234-9886-1F0DBBB90CBB}.Debug|Any CPU.Build.0 = Debug|Any CPU
		{B2F177A1-BCCD-4234-9886-1F0DBBB90CBB}.Release|Any CPU.ActiveCfg = Release|Any CPU
		{B2F177A1-BCCD-4234-9886-1F0DBBB90CBB}.Release|Any CPU.Build.0 = Release|Any CPU
		{26D03837-8EE7-499A-8883-7F34B327598A}.Debug|Any CPU.ActiveCfg = Debug|Any CPU
		{26D03837-8EE7-499A-8883-7F34B327598A}.Debug|Any CPU.Build.0 = Debug|Any CPU
		{26D03837-8EE7-499A-8883-7F34B327598A}.Release|Any CPU.ActiveCfg = Release|Any CPU
		{26D03837-8EE7-499A-8883-7F34B327598A}.Release|Any CPU.Build.0 = Release|Any CPU
		{DAC6D0BC-0F29-4869-BE39-401F4F02631B}.Debug|Any CPU.ActiveCfg = Debug|Any CPU
		{DAC6D0BC-0F29-4869-BE39-401F4F02631B}.Debug|Any CPU.Build.0 = Debug|Any CPU
		{DAC6D0BC-0F29-4869-BE39-401F4F02631B}.Release|Any CPU.ActiveCfg = Release|Any CPU
		{DAC6D0BC-0F29-4869-BE39-401F4F02631B}.Release|Any CPU.Build.0 = Release|Any CPU
		{674FFC4D-36C7-4442-B304-602343D9E144}.Debug|Any CPU.ActiveCfg = Debug|Any CPU
		{674FFC4D-36C7-4442-B304-602343D9E144}.Debug|Any CPU.Build.0 = Debug|Any CPU
		{674FFC4D-36C7-4442-B304-602343D9E144}.Release|Any CPU.ActiveCfg = Release|Any CPU
		{674FFC4D-36C7-4442-B304-602343D9E144}.Release|Any CPU.Build.0 = Release|Any CPU
		{57CCF076-7F90-4FCB-AB83-23C7B8BE5BD3}.Debug|Any CPU.ActiveCfg = Debug|Any CPU
		{57CCF076-7F90-4FCB-AB83-23C7B8BE5BD3}.Debug|Any CPU.Build.0 = Debug|Any CPU
		{57CCF076-7F90-4FCB-AB83-23C7B8BE5BD3}.Release|Any CPU.ActiveCfg = Release|Any CPU
		{57CCF076-7F90-4FCB-AB83-23C7B8BE5BD3}.Release|Any CPU.Build.0 = Release|Any CPU
		{A93214F6-D101-4E46-A82A-FB0D613E21B9}.Debug|Any CPU.ActiveCfg = Debug|Any CPU
		{A93214F6-D101-4E46-A82A-FB0D613E21B9}.Debug|Any CPU.Build.0 = Debug|Any CPU
		{A93214F6-D101-4E46-A82A-FB0D613E21B9}.Release|Any CPU.ActiveCfg = Release|Any CPU
		{A93214F6-D101-4E46-A82A-FB0D613E21B9}.Release|Any CPU.Build.0 = Release|Any CPU
	EndGlobalSection
	GlobalSection(SolutionProperties) = preSolution
		HideSolutionNode = FALSE
	EndGlobalSection
	GlobalSection(NestedProjects) = preSolution
		{EADF0304-A5F7-4B2A-A645-194F44C975AF} = {39CA76CC-8A3D-4110-8BE8-2A43DB55053D}
		{61869B70-935F-47A3-9972-E4908E55F0E0} = {39CA76CC-8A3D-4110-8BE8-2A43DB55053D}
		{ED1C7F27-A57C-4F95-B4BC-62386FE00B48} = {39CA76CC-8A3D-4110-8BE8-2A43DB55053D}
		{4C342333-CBE6-4ACC-9E1D-35041893EA49} = {4C086F41-FD7D-47D7-B5C3-7B6DB8F2F0B1}
		{B2F177A1-BCCD-4234-9886-1F0DBBB90CBB} = {4C086F41-FD7D-47D7-B5C3-7B6DB8F2F0B1}
		{26D03837-8EE7-499A-8883-7F34B327598A} = {4C086F41-FD7D-47D7-B5C3-7B6DB8F2F0B1}
		{DAC6D0BC-0F29-4869-BE39-401F4F02631B} = {8A24A4C2-F540-4D1D-A8F5-FDDA38B08A06}
		{674FFC4D-36C7-4442-B304-602343D9E144} = {8A24A4C2-F540-4D1D-A8F5-FDDA38B08A06}
		{57CCF076-7F90-4FCB-AB83-23C7B8BE5BD3} = {8A24A4C2-F540-4D1D-A8F5-FDDA38B08A06}
		{A93214F6-D101-4E46-A82A-FB0D613E21B9} = {7578A75D-E98A-4219-8D80-8742616667BF}
	EndGlobalSection
	GlobalSection(ExtensibilityGlobals) = postSolution
		SolutionGuid = {10AB5177-AFC4-499B-B5BC-869793F3C330}
	EndGlobalSection
EndGlobal
